
Microsoft Visual Studio Solution File, Format Version 12.00
Project("{FAE04EC0-301F-11D3-BF4B-00C04F79EFBC}") = "stb_image-cs", "src\cs\production\stb_image-cs\stb_image-cs.csproj", "{DE3B703A-7D56-4AEA-998C-DE4DA2EB607C}"
EndProject
Project("{2150E333-8FDC-42A3-9474-1A3956D46DE8}") = "Production", "Production", "{D25238BF-3B2D-42BB-BD8E-C027515EAF1E}"
EndProject
Global
	GlobalSection(SolutionConfigurationPlatforms) = preSolution
		Debug|Any CPU = Debug|Any CPU
		Release|Any CPU = Release|Any CPU
	EndGlobalSection
	GlobalSection(ProjectConfigurationPlatforms) = postSolution
		{DE3B703A-7D56-4AEA-998C-DE4DA2EB607C}.Debug|Any CPU.ActiveCfg = Debug|Any CPU
		{DE3B703A-7D56-4AEA-998C-DE4DA2EB607C}.Debug|Any CPU.Build.0 = Debug|Any CPU
		{DE3B703A-7D56-4AEA-998C-DE4DA2EB607C}.Release|Any CPU.ActiveCfg = Release|Any CPU
		{DE3B703A-7D56-4AEA-998C-DE4DA2EB607C}.Release|Any CPU.Build.0 = Release|Any CPU
	EndGlobalSection
	GlobalSection(NestedProjects) = preSolution
		{DE3B703A-7D56-4AEA-998C-DE4DA2EB607C} = {D25238BF-3B2D-42BB-BD8E-C027515EAF1E}
	EndGlobalSection
EndGlobal
